
Microsoft Visual Studio Solution File, Format Version 12.00
# Visual Studio Version 16
VisualStudioVersion = 16.0.30002.166
MinimumVisualStudioVersion = 10.0.40219.1
Project("{FAE04EC0-301F-11D3-BF4B-00C04F79EFBC}") = "MVC projekt", "MVC projekt\MVC projekt.csproj", "{9C0220AD-5A13-40CA-9690-0792F31B7B99}"
EndProject
Global
	GlobalSection(SolutionConfigurationPlatforms) = preSolution
		Debug|Any CPU = Debug|Any CPU
		Release|Any CPU = Release|Any CPU
	EndGlobalSection
	GlobalSection(ProjectConfigurationPlatforms) = postSolution
		{9C0220AD-5A13-40CA-9690-0792F31B7B99}.Debug|Any CPU.ActiveCfg = Debug|Any CPU
		{9C0220AD-5A13-40CA-9690-0792F31B7B99}.Debug|Any CPU.Build.0 = Debug|Any CPU
		{9C0220AD-5A13-40CA-9690-0792F31B7B99}.Release|Any CPU.ActiveCfg = Release|Any CPU
		{9C0220AD-5A13-40CA-9690-0792F31B7B99}.Release|Any CPU.Build.0 = Release|Any CPU
	EndGlobalSection
	GlobalSection(SolutionProperties) = preSolution
		HideSolutionNode = FALSE
	EndGlobalSection
	GlobalSection(ExtensibilityGlobals) = postSolution
		SolutionGuid = {5DFF76B2-743F-41E0-9483-3239270D2B43}
	EndGlobalSection
EndGlobal
